
Microsoft Visual Studio Solution File, Format Version 12.00
# Visual Studio Version 17
VisualStudioVersion = 17.9.34622.214
MinimumVisualStudioVersion = 10.0.40219.1
Project("{FAE04EC0-301F-11D3-BF4B-00C04F79EFBC}") = "SingletonDesignPattern", "SingletonDesignPattern\SingletonDesignPattern.csproj", "{D842810A-B411-42DE-8F7A-B2FB3FBDF641}"
EndProject
Global
	GlobalSection(SolutionConfigurationPlatforms) = preSolution
		Debug|Any CPU = Debug|Any CPU
		Release|Any CPU = Release|Any CPU
	EndGlobalSection
	GlobalSection(ProjectConfigurationPlatforms) = postSolution
		{D842810A-B411-42DE-8F7A-B2FB3FBDF641}.Debug|Any CPU.ActiveCfg = Debug|Any CPU
		{D842810A-B411-42DE-8F7A-B2FB3FBDF641}.Debug|Any CPU.Build.0 = Debug|Any CPU
		{D842810A-B411-42DE-8F7A-B2FB3FBDF641}.Release|Any CPU.ActiveCfg = Release|Any CPU
		{D842810A-B411-42DE-8F7A-B2FB3FBDF641}.Release|Any CPU.Build.0 = Release|Any CPU
	EndGlobalSection
	GlobalSection(SolutionProperties) = preSolution
		HideSolutionNode = FALSE
	EndGlobalSection
	GlobalSection(ExtensibilityGlobals) = postSolution
		SolutionGuid = {5A89026E-02FE-44BF-B227-9BD7FBC7EC89}
	EndGlobalSection
EndGlobal
